// !$*UTF8*$!
{
	archiveVersion = 1;
	classes = {
	};
	objectVersion = 45;
	objects = {

/* Begin PBXBuildFile section */
		1D3623260D0F684500981E51 /* Consumo_iOSAppDelegate.m in Sources */ = {isa = PBXBuildFile; fileRef = 1D3623250D0F684500981E51 /* Consumo_iOSAppDelegate.m */; };
		1D60589B0D05DD56006BFB54 /* main.m in Sources */ = {isa = PBXBuildFile; fileRef = 29B97316FDCFA39411CA2CEA /* main.m */; };
		1D60589F0D05DD5A006BFB54 /* Foundation.framework in Frameworks */ = {isa = PBXBuildFile; fileRef = 1D30AB110D05D00D00671497 /* Foundation.framework */; };
		1DF5F4E00D08C38300B7A737 /* UIKit.framework in Frameworks */ = {isa = PBXBuildFile; fileRef = 1DF5F4DF0D08C38300B7A737 /* UIKit.framework */; };
		288765FD0DF74451002DB57D /* CoreGraphics.framework in Frameworks */ = {isa = PBXBuildFile; fileRef = 288765FC0DF74451002DB57D /* CoreGraphics.framework */; };
		28AD733F0D9D9553002E5188 /* MainWindow.xib in Resources */ = {isa = PBXBuildFile; fileRef = 28AD733E0D9D9553002E5188 /* MainWindow.xib */; };
		EE06E6A212D4FF67006B75F1 /* MessageUI.framework in Frameworks */ = {isa = PBXBuildFile; fileRef = EE06E6A112D4FF67006B75F1 /* MessageUI.framework */; };
		EE06E74512D509DD006B75F1 /* Localizable.strings in Resources */ = {isa = PBXBuildFile; fileRef = EE06E74412D509DD006B75F1 /* Localizable.strings */; };
		EEAC1CB412D5119700C76D02 /* Consumo-icon-57.png in Resources */ = {isa = PBXBuildFile; fileRef = EEAC1CB112D5119700C76D02 /* Consumo-icon-57.png */; };
		EEAC1CB512D5119700C76D02 /* Consumo-icon-114.png in Resources */ = {isa = PBXBuildFile; fileRef = EEAC1CB212D5119700C76D02 /* Consumo-icon-114.png */; };
		EEAC1DC112D5768600C76D02 /* Reachability.m in Sources */ = {isa = PBXBuildFile; fileRef = EEAC1DC012D5768600C76D02 /* Reachability.m */; };
		EEAC1DD412D5770800C76D02 /* SystemConfiguration.framework in Frameworks */ = {isa = PBXBuildFile; fileRef = EEAC1DD312D5770800C76D02 /* SystemConfiguration.framework */; };
		EEAC1DE712D57C0700C76D02 /* AboutViewController.m in Sources */ = {isa = PBXBuildFile; fileRef = EEAC1DE612D57C0700C76D02 /* AboutViewController.m */; };
		EEAC1ED912D58A4D00C76D02 /* Thanks.plist in Resources */ = {isa = PBXBuildFile; fileRef = EEAC1ED812D58A4D00C76D02 /* Thanks.plist */; };
		EEE08CCD12D2BFB8002192E1 /* AccountsViewController.m in Sources */ = {isa = PBXBuildFile; fileRef = EEE08CCC12D2BFB8002192E1 /* AccountsViewController.m */; };
		EEE08CD412D2BFEC002192E1 /* BaseViewController.m in Sources */ = {isa = PBXBuildFile; fileRef = EEE08CD312D2BFEC002192E1 /* BaseViewController.m */; };
		EEE08D0512D2C282002192E1 /* Accounts.m in Sources */ = {isa = PBXBuildFile; fileRef = EEE08D0412D2C282002192E1 /* Accounts.m */; };
		EEE08D5612D2C8B7002192E1 /* StatsViewController.m in Sources */ = {isa = PBXBuildFile; fileRef = EEE08D5512D2C8B7002192E1 /* StatsViewController.m */; };
		EEE08D7812D2CA7E002192E1 /* SetupAccountViewController.m in Sources */ = {isa = PBXBuildFile; fileRef = EEE08D7712D2CA7E002192E1 /* SetupAccountViewController.m */; };
		EEE08DB712D2CDEC002192E1 /* Consumo.m in Sources */ = {isa = PBXBuildFile; fileRef = EEE08DB612D2CDEC002192E1 /* Consumo.m */; };
		EEE08DFE12D2D18B002192E1 /* NSObject+SBJSON.m in Sources */ = {isa = PBXBuildFile; fileRef = EEE08DF312D2D18B002192E1 /* NSObject+SBJSON.m */; };
		EEE08DFF12D2D18B002192E1 /* NSString+SBJSON.m in Sources */ = {isa = PBXBuildFile; fileRef = EEE08DF512D2D18B002192E1 /* NSString+SBJSON.m */; };
		EEE08E0012D2D18B002192E1 /* SBJSON.m in Sources */ = {isa = PBXBuildFile; fileRef = EEE08DF712D2D18B002192E1 /* SBJSON.m */; };
		EEE08E0112D2D18B002192E1 /* SBJsonBase.m in Sources */ = {isa = PBXBuildFile; fileRef = EEE08DF912D2D18B002192E1 /* SBJsonBase.m */; };
		EEE08E0212D2D18B002192E1 /* SBJsonParser.m in Sources */ = {isa = PBXBuildFile; fileRef = EEE08DFB12D2D18B002192E1 /* SBJsonParser.m */; };
		EEE08E0312D2D18B002192E1 /* SBJsonWriter.m in Sources */ = {isa = PBXBuildFile; fileRef = EEE08DFD12D2D18B002192E1 /* SBJsonWriter.m */; };
		EEE08FE912D358B3002192E1 /* Services.plist in Resources */ = {isa = PBXBuildFile; fileRef = EEE08FE812D358B3002192E1 /* Services.plist */; };
/* End PBXBuildFile section */

/* Begin PBXFileReference section */
		1D30AB110D05D00D00671497 /* Foundation.framework */ = {isa = PBXFileReference; lastKnownFileType = wrapper.framework; name = Foundation.framework; path = System/Library/Frameworks/Foundation.framework; sourceTree = SDKROOT; };
		1D3623240D0F684500981E51 /* Consumo_iOSAppDelegate.h */ = {isa = PBXFileReference; fileEncoding = 4; lastKnownFileType = sourcecode.c.h; path = Consumo_iOSAppDelegate.h; sourceTree = "<group>"; };
		1D3623250D0F684500981E51 /* Consumo_iOSAppDelegate.m */ = {isa = PBXFileReference; fileEncoding = 4; lastKnownFileType = sourcecode.c.objc; path = Consumo_iOSAppDelegate.m; sourceTree = "<group>"; };
		1D6058910D05DD3D006BFB54 /* Consumo-iOS.app */ = {isa = PBXFileReference; explicitFileType = wrapper.application; includeInIndex = 0; path = "Consumo-iOS.app"; sourceTree = BUILT_PRODUCTS_DIR; };
		1DF5F4DF0D08C38300B7A737 /* UIKit.framework */ = {isa = PBXFileReference; lastKnownFileType = wrapper.framework; name = UIKit.framework; path = System/Library/Frameworks/UIKit.framework; sourceTree = SDKROOT; };
		288765FC0DF74451002DB57D /* CoreGraphics.framework */ = {isa = PBXFileReference; lastKnownFileType = wrapper.framework; name = CoreGraphics.framework; path = System/Library/Frameworks/CoreGraphics.framework; sourceTree = SDKROOT; };
		28AD733E0D9D9553002E5188 /* MainWindow.xib */ = {isa = PBXFileReference; lastKnownFileType = file.xib; name = MainWindow.xib; path = Resources/MainWindow.xib; sourceTree = "<group>"; };
		29B97316FDCFA39411CA2CEA /* main.m */ = {isa = PBXFileReference; fileEncoding = 4; lastKnownFileType = sourcecode.c.objc; path = main.m; sourceTree = "<group>"; };
		32CA4F630368D1EE00C91783 /* Consumo_iOS_Prefix.pch */ = {isa = PBXFileReference; fileEncoding = 4; lastKnownFileType = sourcecode.c.h; path = Consumo_iOS_Prefix.pch; sourceTree = "<group>"; };
		8D1107310486CEB800E47090 /* Consumo_iOS-Info.plist */ = {isa = PBXFileReference; fileEncoding = 4; lastKnownFileType = text.plist.xml; path = "Consumo_iOS-Info.plist"; plistStructureDefinitionIdentifier = "com.apple.xcode.plist.structure-definition.iphone.info-plist"; sourceTree = "<group>"; };
		EE06E6A112D4FF67006B75F1 /* MessageUI.framework */ = {isa = PBXFileReference; lastKnownFileType = wrapper.framework; name = MessageUI.framework; path = System/Library/Frameworks/MessageUI.framework; sourceTree = SDKROOT; };
		EE06E74612D509E2006B75F1 /* Portuguese */ = {isa = PBXFileReference; lastKnownFileType = text.plist.strings; name = Portuguese; path = Resources/Portuguese.lproj/Localizable.strings; sourceTree = "<group>"; };
		EEAC1CB112D5119700C76D02 /* Consumo-icon-57.png */ = {isa = PBXFileReference; lastKnownFileType = image.png; name = "Consumo-icon-57.png"; path = "Resources/Bitmap/Consumo-icon-57.png"; sourceTree = "<group>"; };
		EEAC1CB212D5119700C76D02 /* Consumo-icon-114.png */ = {isa = PBXFileReference; lastKnownFileType = image.png; name = "Consumo-icon-114.png"; path = "Resources/Bitmap/Consumo-icon-114.png"; sourceTree = "<group>"; };
		EEAC1CB312D5119700C76D02 /* Consumo-icon-512.png */ = {isa = PBXFileReference; lastKnownFileType = image.png; name = "Consumo-icon-512.png"; path = "Resources/Bitmap/Consumo-icon-512.png"; sourceTree = "<group>"; };
		EEAC1DBF12D5768600C76D02 /* Reachability.h */ = {isa = PBXFileReference; fileEncoding = 4; lastKnownFileType = sourcecode.c.h; name = Reachability.h; path = Reachability/Reachability.h; sourceTree = "<group>"; };
		EEAC1DC012D5768600C76D02 /* Reachability.m */ = {isa = PBXFileReference; fileEncoding = 4; lastKnownFileType = sourcecode.c.objc; name = Reachability.m; path = Reachability/Reachability.m; sourceTree = "<group>"; };
		EEAC1DD312D5770800C76D02 /* SystemConfiguration.framework */ = {isa = PBXFileReference; lastKnownFileType = wrapper.framework; name = SystemConfiguration.framework; path = System/Library/Frameworks/SystemConfiguration.framework; sourceTree = SDKROOT; };
		EEAC1DE512D57C0700C76D02 /* AboutViewController.h */ = {isa = PBXFileReference; fileEncoding = 4; lastKnownFileType = sourcecode.c.h; name = AboutViewController.h; path = "/Users/devlware/Projetos/Consumo-iOS/Classes/AboutViewController.h"; sourceTree = "<absolute>"; };
		EEAC1DE612D57C0700C76D02 /* AboutViewController.m */ = {isa = PBXFileReference; fileEncoding = 4; lastKnownFileType = sourcecode.c.objc; name = AboutViewController.m; path = "/Users/devlware/Projetos/Consumo-iOS/Classes/AboutViewController.m"; sourceTree = "<absolute>"; };
		EEAC1ED812D58A4D00C76D02 /* Thanks.plist */ = {isa = PBXFileReference; fileEncoding = 4; lastKnownFileType = text.plist.xml; name = Thanks.plist; path = Resources/Thanks.plist; sourceTree = "<group>"; };
		EEE08CCB12D2BFB8002192E1 /* AccountsViewController.h */ = {isa = PBXFileReference; fileEncoding = 4; lastKnownFileType = sourcecode.c.h; name = AccountsViewController.h; path = Views/AccountsViewController.h; sourceTree = "<group>"; };
		EEE08CCC12D2BFB8002192E1 /* AccountsViewController.m */ = {isa = PBXFileReference; fileEncoding = 4; lastKnownFileType = sourcecode.c.objc; name = AccountsViewController.m; path = Views/AccountsViewController.m; sourceTree = "<group>"; };
		EEE08CD212D2BFEC002192E1 /* BaseViewController.h */ = {isa = PBXFileReference; fileEncoding = 4; lastKnownFileType = sourcecode.c.h; name = BaseViewController.h; path = Views/BaseViewController.h; sourceTree = "<group>"; };
		EEE08CD312D2BFEC002192E1 /* BaseViewController.m */ = {isa = PBXFileReference; fileEncoding = 4; lastKnownFileType = sourcecode.c.objc; name = BaseViewController.m; path = Views/BaseViewController.m; sourceTree = "<group>"; };
		EEE08D0312D2C282002192E1 /* Accounts.h */ = {isa = PBXFileReference; fileEncoding = 4; lastKnownFileType = sourcecode.c.h; name = Accounts.h; path = Model/Accounts.h; sourceTree = "<group>"; };
		EEE08D0412D2C282002192E1 /* Accounts.m */ = {isa = PBXFileReference; fileEncoding = 4; lastKnownFileType = sourcecode.c.objc; name = Accounts.m; path = Model/Accounts.m; sourceTree = "<group>"; };
		EEE08D5412D2C8B7002192E1 /* StatsViewController.h */ = {isa = PBXFileReference; fileEncoding = 4; lastKnownFileType = sourcecode.c.h; name = StatsViewController.h; path = Views/StatsViewController.h; sourceTree = "<group>"; };
		EEE08D5512D2C8B7002192E1 /* StatsViewController.m */ = {isa = PBXFileReference; fileEncoding = 4; lastKnownFileType = sourcecode.c.objc; name = StatsViewController.m; path = Views/StatsViewController.m; sourceTree = "<group>"; };
		EEE08D7712D2CA7E002192E1 /* SetupAccountViewController.m */ = {isa = PBXFileReference; fileEncoding = 4; lastKnownFileType = sourcecode.c.objc; name = SetupAccountViewController.m; path = Views/SetupAccountViewController.m; sourceTree = "<group>"; };
		EEE08DB512D2CDEC002192E1 /* Consumo.h */ = {isa = PBXFileReference; fileEncoding = 4; lastKnownFileType = sourcecode.c.h; name = Consumo.h; path = Model/Consumo.h; sourceTree = "<group>"; };
		EEE08DB612D2CDEC002192E1 /* Consumo.m */ = {isa = PBXFileReference; fileEncoding = 4; lastKnownFileType = sourcecode.c.objc; name = Consumo.m; path = Model/Consumo.m; sourceTree = "<group>"; };
		EEE08DF112D2D18B002192E1 /* JSON.h */ = {isa = PBXFileReference; fileEncoding = 4; lastKnownFileType = sourcecode.c.h; path = JSON.h; sourceTree = "<group>"; };
		EEE08DF212D2D18B002192E1 /* NSObject+SBJSON.h */ = {isa = PBXFileReference; fileEncoding = 4; lastKnownFileType = sourcecode.c.h; path = "NSObject+SBJSON.h"; sourceTree = "<group>"; };
		EEE08DF312D2D18B002192E1 /* NSObject+SBJSON.m */ = {isa = PBXFileReference; fileEncoding = 4; lastKnownFileType = sourcecode.c.objc; path = "NSObject+SBJSON.m"; sourceTree = "<group>"; };
		EEE08DF412D2D18B002192E1 /* NSString+SBJSON.h */ = {isa = PBXFileReference; fileEncoding = 4; lastKnownFileType = sourcecode.c.h; path = "NSString+SBJSON.h"; sourceTree = "<group>"; };
		EEE08DF512D2D18B002192E1 /* NSString+SBJSON.m */ = {isa = PBXFileReference; fileEncoding = 4; lastKnownFileType = sourcecode.c.objc; path = "NSString+SBJSON.m"; sourceTree = "<group>"; };
		EEE08DF612D2D18B002192E1 /* SBJSON.h */ = {isa = PBXFileReference; fileEncoding = 4; lastKnownFileType = sourcecode.c.h; path = SBJSON.h; sourceTree = "<group>"; };
		EEE08DF712D2D18B002192E1 /* SBJSON.m */ = {isa = PBXFileReference; fileEncoding = 4; lastKnownFileType = sourcecode.c.objc; path = SBJSON.m; sourceTree = "<group>"; };
		EEE08DF812D2D18B002192E1 /* SBJsonBase.h */ = {isa = PBXFileReference; fileEncoding = 4; lastKnownFileType = sourcecode.c.h; path = SBJsonBase.h; sourceTree = "<group>"; };
		EEE08DF912D2D18B002192E1 /* SBJsonBase.m */ = {isa = PBXFileReference; fileEncoding = 4; lastKnownFileType = sourcecode.c.objc; path = SBJsonBase.m; sourceTree = "<group>"; };
		EEE08DFA12D2D18B002192E1 /* SBJsonParser.h */ = {isa = PBXFileReference; fileEncoding = 4; lastKnownFileType = sourcecode.c.h; path = SBJsonParser.h; sourceTree = "<group>"; };
		EEE08DFB12D2D18B002192E1 /* SBJsonParser.m */ = {isa = PBXFileReference; fileEncoding = 4; lastKnownFileType = sourcecode.c.objc; path = SBJsonParser.m; sourceTree = "<group>"; };
		EEE08DFC12D2D18B002192E1 /* SBJsonWriter.h */ = {isa = PBXFileReference; fileEncoding = 4; lastKnownFileType = sourcecode.c.h; path = SBJsonWriter.h; sourceTree = "<group>"; };
		EEE08DFD12D2D18B002192E1 /* SBJsonWriter.m */ = {isa = PBXFileReference; fileEncoding = 4; lastKnownFileType = sourcecode.c.objc; path = SBJsonWriter.m; sourceTree = "<group>"; };
		EEE08FE812D358B3002192E1 /* Services.plist */ = {isa = PBXFileReference; fileEncoding = 4; lastKnownFileType = text.plist.xml; name = Services.plist; path = Resources/Services.plist; sourceTree = "<group>"; };
		EEE0900912D35B6F002192E1 /* SetupAccountViewController.h */ = {isa = PBXFileReference; fileEncoding = 4; lastKnownFileType = sourcecode.c.h; name = SetupAccountViewController.h; path = Views/SetupAccountViewController.h; sourceTree = "<group>"; };
/* End PBXFileReference section */

/* Begin PBXFrameworksBuildPhase section */
		1D60588F0D05DD3D006BFB54 /* Frameworks */ = {
			isa = PBXFrameworksBuildPhase;
			buildActionMask = 2147483647;
			files = (
				1D60589F0D05DD5A006BFB54 /* Foundation.framework in Frameworks */,
				1DF5F4E00D08C38300B7A737 /* UIKit.framework in Frameworks */,
				288765FD0DF74451002DB57D /* CoreGraphics.framework in Frameworks */,
				EE06E6A212D4FF67006B75F1 /* MessageUI.framework in Frameworks */,
				EEAC1DD412D5770800C76D02 /* SystemConfiguration.framework in Frameworks */,
			);
			runOnlyForDeploymentPostprocessing = 0;
		};
/* End PBXFrameworksBuildPhase section */

/* Begin PBXGroup section */
		080E96DDFE201D6D7F000001 /* Classes */ = {
			isa = PBXGroup;
			children = (
				EEE08DED12D2D182002192E1 /* External */,
				EEE08CFE12D2C26A002192E1 /* Model */,
				EEE08CFD12D2C25C002192E1 /* Views */,
				1D3623240D0F684500981E51 /* Consumo_iOSAppDelegate.h */,
				1D3623250D0F684500981E51 /* Consumo_iOSAppDelegate.m */,
			);
			path = Classes;
			sourceTree = "<group>";
		};
		19C28FACFE9D520D11CA2CBB /* Products */ = {
			isa = PBXGroup;
			children = (
				1D6058910D05DD3D006BFB54 /* Consumo-iOS.app */,
			);
			name = Products;
			sourceTree = "<group>";
		};
		29B97314FDCFA39411CA2CEA /* CustomTemplate */ = {
			isa = PBXGroup;
			children = (
				080E96DDFE201D6D7F000001 /* Classes */,
				29B97315FDCFA39411CA2CEA /* Other Sources */,
				29B97317FDCFA39411CA2CEA /* Resources */,
				29B97323FDCFA39411CA2CEA /* Frameworks */,
				19C28FACFE9D520D11CA2CBB /* Products */,
			);
			name = CustomTemplate;
			sourceTree = "<group>";
		};
		29B97315FDCFA39411CA2CEA /* Other Sources */ = {
			isa = PBXGroup;
			children = (
				32CA4F630368D1EE00C91783 /* Consumo_iOS_Prefix.pch */,
				29B97316FDCFA39411CA2CEA /* main.m */,
			);
			name = "Other Sources";
			sourceTree = "<group>";
		};
		29B97317FDCFA39411CA2CEA /* Resources */ = {
			isa = PBXGroup;
			children = (
				EEAC1CAE12D5118C00C76D02 /* Bitmap */,
				28AD733E0D9D9553002E5188 /* MainWindow.xib */,
				8D1107310486CEB800E47090 /* Consumo_iOS-Info.plist */,
				EEE08FE812D358B3002192E1 /* Services.plist */,
				EEAC1ED812D58A4D00C76D02 /* Thanks.plist */,
				EE06E74412D509DD006B75F1 /* Localizable.strings */,
			);
			name = Resources;
			sourceTree = "<group>";
		};
		29B97323FDCFA39411CA2CEA /* Frameworks */ = {
			isa = PBXGroup;
			children = (
				1DF5F4DF0D08C38300B7A737 /* UIKit.framework */,
				1D30AB110D05D00D00671497 /* Foundation.framework */,
				288765FC0DF74451002DB57D /* CoreGraphics.framework */,
				EE06E6A112D4FF67006B75F1 /* MessageUI.framework */,
				EEAC1DD312D5770800C76D02 /* SystemConfiguration.framework */,
			);
			name = Frameworks;
			sourceTree = "<group>";
		};
		EEAC1CAE12D5118C00C76D02 /* Bitmap */ = {
			isa = PBXGroup;
			children = (
				EEAC1CB112D5119700C76D02 /* Consumo-icon-57.png */,
				EEAC1CB212D5119700C76D02 /* Consumo-icon-114.png */,
				EEAC1CB312D5119700C76D02 /* Consumo-icon-512.png */,
			);
			name = Bitmap;
			sourceTree = "<group>";
		};
		EEAC1DC212D5768B00C76D02 /* Reachability */ = {
			isa = PBXGroup;
			children = (
				EEAC1DBF12D5768600C76D02 /* Reachability.h */,
				EEAC1DC012D5768600C76D02 /* Reachability.m */,
			);
			name = Reachability;
			sourceTree = "<group>";
		};
		EEE08CFD12D2C25C002192E1 /* Views */ = {
			isa = PBXGroup;
			children = (
				EEE08CD212D2BFEC002192E1 /* BaseViewController.h */,
				EEE08CD312D2BFEC002192E1 /* BaseViewController.m */,
				EEE08CCB12D2BFB8002192E1 /* AccountsViewController.h */,
				EEE08CCC12D2BFB8002192E1 /* AccountsViewController.m */,
				EEE08D5412D2C8B7002192E1 /* StatsViewController.h */,
				EEE08D5512D2C8B7002192E1 /* StatsViewController.m */,
				EEE0900912D35B6F002192E1 /* SetupAccountViewController.h */,
				EEE08D7712D2CA7E002192E1 /* SetupAccountViewController.m */,
				EEAC1DE512D57C0700C76D02 /* AboutViewController.h */,
				EEAC1DE612D57C0700C76D02 /* AboutViewController.m */,
			);
			name = Views;
			sourceTree = "<group>";
		};
		EEE08CFE12D2C26A002192E1 /* Model */ = {
			isa = PBXGroup;
			children = (
				EEE08D0312D2C282002192E1 /* Accounts.h */,
				EEE08D0412D2C282002192E1 /* Accounts.m */,
				EEE08DB512D2CDEC002192E1 /* Consumo.h */,
				EEE08DB612D2CDEC002192E1 /* Consumo.m */,
			);
			name = Model;
			sourceTree = "<group>";
		};
		EEE08DED12D2D182002192E1 /* External */ = {
			isa = PBXGroup;
			children = (
				EEAC1DC212D5768B00C76D02 /* Reachability */,
				EEE08DF012D2D18B002192E1 /* JSON */,
			);
			name = External;
			sourceTree = "<group>";
		};
		EEE08DF012D2D18B002192E1 /* JSON */ = {
			isa = PBXGroup;
			children = (
				EEE08DF112D2D18B002192E1 /* JSON.h */,
				EEE08DF212D2D18B002192E1 /* NSObject+SBJSON.h */,
				EEE08DF312D2D18B002192E1 /* NSObject+SBJSON.m */,
				EEE08DF412D2D18B002192E1 /* NSString+SBJSON.h */,
				EEE08DF512D2D18B002192E1 /* NSString+SBJSON.m */,
				EEE08DF612D2D18B002192E1 /* SBJSON.h */,
				EEE08DF712D2D18B002192E1 /* SBJSON.m */,
				EEE08DF812D2D18B002192E1 /* SBJsonBase.h */,
				EEE08DF912D2D18B002192E1 /* SBJsonBase.m */,
				EEE08DFA12D2D18B002192E1 /* SBJsonParser.h */,
				EEE08DFB12D2D18B002192E1 /* SBJsonParser.m */,
				EEE08DFC12D2D18B002192E1 /* SBJsonWriter.h */,
				EEE08DFD12D2D18B002192E1 /* SBJsonWriter.m */,
			);
			path = JSON;
			sourceTree = "<group>";
		};
/* End PBXGroup section */

/* Begin PBXNativeTarget section */
		1D6058900D05DD3D006BFB54 /* Consumo-iOS */ = {
			isa = PBXNativeTarget;
			buildConfigurationList = 1D6058960D05DD3E006BFB54 /* Build configuration list for PBXNativeTarget "Consumo-iOS" */;
			buildPhases = (
				1D60588D0D05DD3D006BFB54 /* Resources */,
				1D60588E0D05DD3D006BFB54 /* Sources */,
				1D60588F0D05DD3D006BFB54 /* Frameworks */,
			);
			buildRules = (
			);
			dependencies = (
			);
			name = "Consumo-iOS";
			productName = "Consumo-iOS";
			productReference = 1D6058910D05DD3D006BFB54 /* Consumo-iOS.app */;
			productType = "com.apple.product-type.application";
		};
/* End PBXNativeTarget section */

/* Begin PBXProject section */
		29B97313FDCFA39411CA2CEA /* Project object */ = {
			isa = PBXProject;
			buildConfigurationList = C01FCF4E08A954540054247B /* Build configuration list for PBXProject "Consumo-iOS" */;
			compatibilityVersion = "Xcode 3.1";
			developmentRegion = English;
			hasScannedForEncodings = 1;
			knownRegions = (
				English,
				Japanese,
				French,
				German,
				Portuguese,
			);
			mainGroup = 29B97314FDCFA39411CA2CEA /* CustomTemplate */;
			projectDirPath = "";
			projectRoot = "";
			targets = (
				1D6058900D05DD3D006BFB54 /* Consumo-iOS */,
			);
		};
/* End PBXProject section */

/* Begin PBXResourcesBuildPhase section */
		1D60588D0D05DD3D006BFB54 /* Resources */ = {
			isa = PBXResourcesBuildPhase;
			buildActionMask = 2147483647;
			files = (
				28AD733F0D9D9553002E5188 /* MainWindow.xib in Resources */,
				EEE08FE912D358B3002192E1 /* Services.plist in Resources */,
				EE06E74512D509DD006B75F1 /* Localizable.strings in Resources */,
				EEAC1CB412D5119700C76D02 /* Consumo-icon-57.png in Resources */,
				EEAC1CB512D5119700C76D02 /* Consumo-icon-114.png in Resources */,
				EEAC1ED912D58A4D00C76D02 /* Thanks.plist in Resources */,
			);
			runOnlyForDeploymentPostprocessing = 0;
		};
/* End PBXResourcesBuildPhase section */

/* Begin PBXSourcesBuildPhase section */
		1D60588E0D05DD3D006BFB54 /* Sources */ = {
			isa = PBXSourcesBuildPhase;
			buildActionMask = 2147483647;
			files = (
				1D60589B0D05DD56006BFB54 /* main.m in Sources */,
				1D3623260D0F684500981E51 /* Consumo_iOSAppDelegate.m in Sources */,
				EEE08CCD12D2BFB8002192E1 /* AccountsViewController.m in Sources */,
				EEE08CD412D2BFEC002192E1 /* BaseViewController.m in Sources */,
				EEE08D0512D2C282002192E1 /* Accounts.m in Sources */,
				EEE08D5612D2C8B7002192E1 /* StatsViewController.m in Sources */,
				EEE08D7812D2CA7E002192E1 /* SetupAccountViewController.m in Sources */,
				EEE08DB712D2CDEC002192E1 /* Consumo.m in Sources */,
				EEE08DFE12D2D18B002192E1 /* NSObject+SBJSON.m in Sources */,
				EEE08DFF12D2D18B002192E1 /* NSString+SBJSON.m in Sources */,
				EEE08E0012D2D18B002192E1 /* SBJSON.m in Sources */,
				EEE08E0112D2D18B002192E1 /* SBJsonBase.m in Sources */,
				EEE08E0212D2D18B002192E1 /* SBJsonParser.m in Sources */,
				EEE08E0312D2D18B002192E1 /* SBJsonWriter.m in Sources */,
				EEAC1DC112D5768600C76D02 /* Reachability.m in Sources */,
				EEAC1DE712D57C0700C76D02 /* AboutViewController.m in Sources */,
			);
			runOnlyForDeploymentPostprocessing = 0;
		};
/* End PBXSourcesBuildPhase section */

/* Begin PBXVariantGroup section */
		EE06E74412D509DD006B75F1 /* Localizable.strings */ = {
			isa = PBXVariantGroup;
			children = (
				EE06E74612D509E2006B75F1 /* Portuguese */,
			);
			name = Localizable.strings;
			sourceTree = "<group>";
		};
/* End PBXVariantGroup section */

/* Begin XCBuildConfiguration section */
		1D6058940D05DD3E006BFB54 /* Debug */ = {
			isa = XCBuildConfiguration;
			buildSettings = {
				ALWAYS_SEARCH_USER_PATHS = NO;
				"CODE_SIGN_IDENTITY[sdk=iphoneos*]" = "iPhone Distribution: Felipe Kellermann";
				COPY_PHASE_STRIP = NO;
				GCC_DYNAMIC_NO_PIC = NO;
				GCC_OPTIMIZATION_LEVEL = 0;
				GCC_PRECOMPILE_PREFIX_HEADER = YES;
				GCC_PREFIX_HEADER = Consumo_iOS_Prefix.pch;
				INFOPLIST_FILE = "Consumo_iOS-Info.plist";
				PRODUCT_NAME = "Consumo-iOS";
				"PROVISIONING_PROFILE[sdk=iphoneos*]" = "147E2D35-4149-4756-A16B-89B348CF227F";
			};
			name = Debug;
		};
		1D6058950D05DD3E006BFB54 /* Release */ = {
			isa = XCBuildConfiguration;
			buildSettings = {
				ALWAYS_SEARCH_USER_PATHS = NO;
				"CODE_SIGN_IDENTITY[sdk=iphoneos*]" = "iPhone Distribution: Felipe Kellermann";
				COPY_PHASE_STRIP = YES;
				GCC_PRECOMPILE_PREFIX_HEADER = YES;
				GCC_PREFIX_HEADER = Consumo_iOS_Prefix.pch;
				INFOPLIST_FILE = "Consumo_iOS-Info.plist";
				PRODUCT_NAME = "Consumo-iOS";
				"PROVISIONING_PROFILE[sdk=iphoneos*]" = "147E2D35-4149-4756-A16B-89B348CF227F";
				VALIDATE_PRODUCT = YES;
			};
			name = Release;
		};
		C01FCF4F08A954540054247B /* Debug */ = {
			isa = XCBuildConfiguration;
			buildSettings = {
				ARCHS = "$(ARCHS_STANDARD_32_BIT)";
				"CODE_SIGN_IDENTITY[sdk=iphoneos*]" = "iPhone Developer: Felipe Kellermann (R3QK7JAUQ4)";
				GCC_C_LANGUAGE_STANDARD = c99;
				GCC_WARN_ABOUT_RETURN_TYPE = YES;
				GCC_WARN_UNUSED_VARIABLE = YES;
				IPHONEOS_DEPLOYMENT_TARGET = 3.0;
				PREBINDING = NO;
				"PROVISIONING_PROFILE[sdk=iphoneos*]" = "313C6B59-B951-4D1B-B793-C5A61347A578";
				SDKROOT = iphoneos;
			};
			name = Debug;
		};
		C01FCF5008A954540054247B /* Release */ = {
			isa = XCBuildConfiguration;
			buildSettings = {
				ARCHS = "$(ARCHS_STANDARD_32_BIT)";
				"CODE_SIGN_IDENTITY[sdk=iphoneos*]" = "iPhone Developer: Felipe Kellermann (R3QK7JAUQ4)";
				GCC_C_LANGUAGE_STANDARD = c99;
				GCC_WARN_ABOUT_RETURN_TYPE = YES;
				GCC_WARN_UNUSED_VARIABLE = YES;
				IPHONEOS_DEPLOYMENT_TARGET = 3.0;
				OTHER_CFLAGS = "-DNS_BLOCK_ASSERTIONS=1";
				PREBINDING = NO;
				"PROVISIONING_PROFILE[sdk=iphoneos*]" = "313C6B59-B951-4D1B-B793-C5A61347A578";
				SDKROOT = iphoneos;
			};
			name = Release;
		};
/* End XCBuildConfiguration section */

/* Begin XCConfigurationList section */
		1D6058960D05DD3E006BFB54 /* Build configuration list for PBXNativeTarget "Consumo-iOS" */ = {
			isa = XCConfigurationList;
			buildConfigurations = (
				1D6058940D05DD3E006BFB54 /* Debug */,
				1D6058950D05DD3E006BFB54 /* Release */,
			);
			defaultConfigurationIsVisible = 0;
			defaultConfigurationName = Release;
		};
		C01FCF4E08A954540054247B /* Build configuration list for PBXProject "Consumo-iOS" */ = {
			isa = XCConfigurationList;
			buildConfigurations = (
				C01FCF4F08A954540054247B /* Debug */,
				C01FCF5008A954540054247B /* Release */,
			);
			defaultConfigurationIsVisible = 0;
			defaultConfigurationName = Release;
		};
/* End XCConfigurationList section */
	};
	rootObject = 29B97313FDCFA39411CA2CEA /* Project object */;
}
